{
  "name": "gittracker",
  "version": "1.0.0",
  "lockfileVersion": 1,
  "requires": true,
  "dependencies": {
    "btoa": {
      "version": "1.2.1",
      "resolved": "https://registry.npmjs.org/btoa/-/btoa-1.2.1.tgz",
      "integrity": "sha512-SB4/MIGlsiVkMcHmT+pSmIPoNDoHg+7cMzmt3Uxt628MTz2487DKSqK/fuhFBrkuqrYv5UCEnACpF4dTFNKc/g=="
    },
    "named-regexp-groups": {
      "version": "1.0.5",
      "resolved": "https://registry.npmjs.org/named-regexp-groups/-/named-regexp-groups-1.0.5.tgz",
      "integrity": "sha512-oK8TaLTXw4dIUOvbxGAO+OZf8b+69DZgcZMbbfTX6GCzjm4vcc+8VrdZoHpttdJTVeuCV3aQVjKfv7k8Q5SLSg=="
    },
    "shellpromise": {
      "version": "1.4.0",
      "resolved": "https://registry.npmjs.org/shellpromise/-/shellpromise-1.4.0.tgz",
      "integrity": "sha1-E6EAZ5C1DBSKHaHDZ4AAoA/JTvY="
    }
  }
}
