{
  "name": "@pclabs/gitit",
  "version": "0.0.1-alpha.0",
  "lockfileVersion": 1,
  "requires": true,
  "dependencies": {
    "named-regexp-groups": {
      "version": "1.0.5",
      "resolved": "https://registry.npmjs.org/named-regexp-groups/-/named-regexp-groups-1.0.5.tgz",
      "integrity": "sha512-oK8TaLTXw4dIUOvbxGAO+OZf8b+69DZgcZMbbfTX6GCzjm4vcc+8VrdZoHpttdJTVeuCV3aQVjKfv7k8Q5SLSg=="
    }
  }
}
